
Microsoft Visual Studio Solution File, Format Version 12.00
# Visual Studio Version 16
VisualStudioVersion = 16.0.29503.13
MinimumVisualStudioVersion = 10.0.40219.1
Project("{FAE04EC0-301F-11D3-BF4B-00C04F79EFBC}") = "FinalProjectUmphai", "FinalProjectUmphai\FinalProjectUmphai.csproj", "{EACE3964-D9CE-4E32-939F-2188C337F34D}"
EndProject
Global
	GlobalSection(SolutionConfigurationPlatforms) = preSolution
		Debug|Any CPU = Debug|Any CPU
		Release|Any CPU = Release|Any CPU
	EndGlobalSection
	GlobalSection(ProjectConfigurationPlatforms) = postSolution
		{EACE3964-D9CE-4E32-939F-2188C337F34D}.Debug|Any CPU.ActiveCfg = Debug|Any CPU
		{EACE3964-D9CE-4E32-939F-2188C337F34D}.Debug|Any CPU.Build.0 = Debug|Any CPU
		{EACE3964-D9CE-4E32-939F-2188C337F34D}.Release|Any CPU.ActiveCfg = Release|Any CPU
		{EACE3964-D9CE-4E32-939F-2188C337F34D}.Release|Any CPU.Build.0 = Release|Any CPU
	EndGlobalSection
	GlobalSection(SolutionProperties) = preSolution
		HideSolutionNode = FALSE
	EndGlobalSection
	GlobalSection(ExtensibilityGlobals) = postSolution
		SolutionGuid = {7404C5FA-09D3-4452-876E-1BF88076C8B5}
	EndGlobalSection
EndGlobal
